// !$*UTF8*$!
{
	archiveVersion = 1;
	classes = {
	};
	objectVersion = 56;
	objects = {

/* Begin PBXBuildFile section */
		21AF41E52BA84EA7009AB94C /* AppDelegate.swift in Sources */ = {isa = PBXBuildFile; fileRef = 21AF41E42BA84EA7009AB94C /* AppDelegate.swift */; };
		21AF41E72BA84EA7009AB94C /* SceneDelegate.swift in Sources */ = {isa = PBXBuildFile; fileRef = 21AF41E62BA84EA7009AB94C /* SceneDelegate.swift */; };
		21AF41E92BA84EA7009AB94C /* ViewController.swift in Sources */ = {isa = PBXBuildFile; fileRef = 21AF41E82BA84EA7009AB94C /* ViewController.swift */; };
		21AF41EC2BA84EA7009AB94C /* Main.storyboard in Resources */ = {isa = PBXBuildFile; fileRef = 21AF41EA2BA84EA7009AB94C /* Main.storyboard */; };
		21AF41EE2BA84EA9009AB94C /* Assets.xcassets in Resources */ = {isa = PBXBuildFile; fileRef = 21AF41ED2BA84EA9009AB94C /* Assets.xcassets */; };
		21AF41F12BA84EA9009AB94C /* LaunchScreen.storyboard in Resources */ = {isa = PBXBuildFile; fileRef = 21AF41EF2BA84EA9009AB94C /* LaunchScreen.storyboard */; };
		21AF41F92BA8CF34009AB94C /* ViewControllerTwo.swift in Sources */ = {isa = PBXBuildFile; fileRef = 21AF41F82BA8CF34009AB94C /* ViewControllerTwo.swift */; };
		21AF41FB2BA9AF0E009AB94C /* ViewControllerThird.swift in Sources */ = {isa = PBXBuildFile; fileRef = 21AF41FA2BA9AF0E009AB94C /* ViewControllerThird.swift */; };
		21AF41FD2BAA14A4009AB94C /* ViewControllerFourth.swift in Sources */ = {isa = PBXBuildFile; fileRef = 21AF41FC2BAA14A4009AB94C /* ViewControllerFourth.swift */; };
		21AF41FF2BAA1655009AB94C /* ViewControllerSix.swift in Sources */ = {isa = PBXBuildFile; fileRef = 21AF41FE2BAA1655009AB94C /* ViewControllerSix.swift */; };
		21AF42012BAA44FF009AB94C /* ViewControllerFive.swift in Sources */ = {isa = PBXBuildFile; fileRef = 21AF42002BAA44FE009AB94C /* ViewControllerFive.swift */; };
		21F0E0052BAB19F600149086 /* ViewControllerSevenTask3.swift in Sources */ = {isa = PBXBuildFile; fileRef = 21F0E0042BAB19F600149086 /* ViewControllerSevenTask3.swift */; };
		21F0E0072BAB249900149086 /* ViewControllerEighthTask3.swift in Sources */ = {isa = PBXBuildFile; fileRef = 21F0E0062BAB249900149086 /* ViewControllerEighthTask3.swift */; };
		21F0E00B2BAB6EB100149086 /* ViewControllerNinthTask3.swift in Sources */ = {isa = PBXBuildFile; fileRef = 21F0E00A2BAB6EB100149086 /* ViewControllerNinthTask3.swift */; };
		21F0E00D2BAB832B00149086 /* ViewControllerTenthTask3.swift in Sources */ = {isa = PBXBuildFile; fileRef = 21F0E00C2BAB832B00149086 /* ViewControllerTenthTask3.swift */; };
		21F0E00F2BACBD0F00149086 /* ViewControllerTwelfthTask3.swift in Sources */ = {isa = PBXBuildFile; fileRef = 21F0E00E2BACBD0F00149086 /* ViewControllerTwelfthTask3.swift */; };
		21F0E0112BACD84900149086 /* ViewControllerThirteenthTask4.swift in Sources */ = {isa = PBXBuildFile; fileRef = 21F0E0102BACD84900149086 /* ViewControllerThirteenthTask4.swift */; };
		21F0E0132BAD068300149086 /* ViewControllerEleventhTask3.swift in Sources */ = {isa = PBXBuildFile; fileRef = 21F0E0122BAD068300149086 /* ViewControllerEleventhTask3.swift */; };
		21F0E0152BAD6F8E00149086 /* ViewControllerFourteenthTask4.swift in Sources */ = {isa = PBXBuildFile; fileRef = 21F0E0142BAD6F8E00149086 /* ViewControllerFourteenthTask4.swift */; };
/* End PBXBuildFile section */

/* Begin PBXFileReference section */
		21AF41E12BA84EA7009AB94C /* multithreading.app */ = {isa = PBXFileReference; explicitFileType = wrapper.application; includeInIndex = 0; path = multithreading.app; sourceTree = BUILT_PRODUCTS_DIR; };
		21AF41E42BA84EA7009AB94C /* AppDelegate.swift */ = {isa = PBXFileReference; lastKnownFileType = sourcecode.swift; path = AppDelegate.swift; sourceTree = "<group>"; };
		21AF41E62BA84EA7009AB94C /* SceneDelegate.swift */ = {isa = PBXFileReference; lastKnownFileType = sourcecode.swift; path = SceneDelegate.swift; sourceTree = "<group>"; };
		21AF41E82BA84EA7009AB94C /* ViewController.swift */ = {isa = PBXFileReference; lastKnownFileType = sourcecode.swift; path = ViewController.swift; sourceTree = "<group>"; };
		21AF41EB2BA84EA7009AB94C /* Base */ = {isa = PBXFileReference; lastKnownFileType = file.storyboard; name = Base; path = Base.lproj/Main.storyboard; sourceTree = "<group>"; };
		21AF41ED2BA84EA9009AB94C /* Assets.xcassets */ = {isa = PBXFileReference; lastKnownFileType = folder.assetcatalog; path = Assets.xcassets; sourceTree = "<group>"; };
		21AF41F02BA84EA9009AB94C /* Base */ = {isa = PBXFileReference; lastKnownFileType = file.storyboard; name = Base; path = Base.lproj/LaunchScreen.storyboard; sourceTree = "<group>"; };
		21AF41F22BA84EA9009AB94C /* Info.plist */ = {isa = PBXFileReference; lastKnownFileType = text.plist.xml; path = Info.plist; sourceTree = "<group>"; };
		21AF41F82BA8CF34009AB94C /* ViewControllerTwo.swift */ = {isa = PBXFileReference; lastKnownFileType = sourcecode.swift; path = ViewControllerTwo.swift; sourceTree = "<group>"; };
		21AF41FA2BA9AF0E009AB94C /* ViewControllerThird.swift */ = {isa = PBXFileReference; lastKnownFileType = sourcecode.swift; path = ViewControllerThird.swift; sourceTree = "<group>"; };
		21AF41FC2BAA14A4009AB94C /* ViewControllerFourth.swift */ = {isa = PBXFileReference; lastKnownFileType = sourcecode.swift; path = ViewControllerFourth.swift; sourceTree = "<group>"; };
		21AF41FE2BAA1655009AB94C /* ViewControllerSix.swift */ = {isa = PBXFileReference; lastKnownFileType = sourcecode.swift; path = ViewControllerSix.swift; sourceTree = "<group>"; };
		21AF42002BAA44FE009AB94C /* ViewControllerFive.swift */ = {isa = PBXFileReference; lastKnownFileType = sourcecode.swift; path = ViewControllerFive.swift; sourceTree = "<group>"; };
		21F0E0042BAB19F600149086 /* ViewControllerSevenTask3.swift */ = {isa = PBXFileReference; lastKnownFileType = sourcecode.swift; path = ViewControllerSevenTask3.swift; sourceTree = "<group>"; };
		21F0E0062BAB249900149086 /* ViewControllerEighthTask3.swift */ = {isa = PBXFileReference; lastKnownFileType = sourcecode.swift; path = ViewControllerEighthTask3.swift; sourceTree = "<group>"; };
		21F0E00A2BAB6EB100149086 /* ViewControllerNinthTask3.swift */ = {isa = PBXFileReference; lastKnownFileType = sourcecode.swift; path = ViewControllerNinthTask3.swift; sourceTree = "<group>"; };
		21F0E00C2BAB832B00149086 /* ViewControllerTenthTask3.swift */ = {isa = PBXFileReference; lastKnownFileType = sourcecode.swift; path = ViewControllerTenthTask3.swift; sourceTree = "<group>"; };
		21F0E00E2BACBD0F00149086 /* ViewControllerTwelfthTask3.swift */ = {isa = PBXFileReference; lastKnownFileType = sourcecode.swift; path = ViewControllerTwelfthTask3.swift; sourceTree = "<group>"; };
		21F0E0102BACD84900149086 /* ViewControllerThirteenthTask4.swift */ = {isa = PBXFileReference; lastKnownFileType = sourcecode.swift; path = ViewControllerThirteenthTask4.swift; sourceTree = "<group>"; };
		21F0E0122BAD068300149086 /* ViewControllerEleventhTask3.swift */ = {isa = PBXFileReference; lastKnownFileType = sourcecode.swift; path = ViewControllerEleventhTask3.swift; sourceTree = "<group>"; };
		21F0E0142BAD6F8E00149086 /* ViewControllerFourteenthTask4.swift */ = {isa = PBXFileReference; lastKnownFileType = sourcecode.swift; path = ViewControllerFourteenthTask4.swift; sourceTree = "<group>"; };
/* End PBXFileReference section */

/* Begin PBXFrameworksBuildPhase section */
		21AF41DE2BA84EA7009AB94C /* Frameworks */ = {
			isa = PBXFrameworksBuildPhase;
			buildActionMask = 2147483647;
			files = (
			);
			runOnlyForDeploymentPostprocessing = 0;
		};
/* End PBXFrameworksBuildPhase section */

/* Begin PBXGroup section */
		21AF41D82BA84EA7009AB94C = {
			isa = PBXGroup;
			children = (
				21AF41E32BA84EA7009AB94C /* multithreading */,
				21AF41E22BA84EA7009AB94C /* Products */,
			);
			sourceTree = "<group>";
		};
		21AF41E22BA84EA7009AB94C /* Products */ = {
			isa = PBXGroup;
			children = (
				21AF41E12BA84EA7009AB94C /* multithreading.app */,
			);
			name = Products;
			sourceTree = "<group>";
		};
		21AF41E32BA84EA7009AB94C /* multithreading */ = {
			isa = PBXGroup;
			children = (
				21AF41E42BA84EA7009AB94C /* AppDelegate.swift */,
				21AF41E62BA84EA7009AB94C /* SceneDelegate.swift */,
				21F0E0022BAB198700149086 /* Task1AndTask2 */,
				21F0E0032BAB19C000149086 /* Task3AndTask4 */,
				21AF41EA2BA84EA7009AB94C /* Main.storyboard */,
				21AF41ED2BA84EA9009AB94C /* Assets.xcassets */,
				21AF41EF2BA84EA9009AB94C /* LaunchScreen.storyboard */,
				21AF41F22BA84EA9009AB94C /* Info.plist */,
			);
			path = multithreading;
			sourceTree = "<group>";
		};
		21F0E0022BAB198700149086 /* Task1AndTask2 */ = {
			isa = PBXGroup;
			children = (
				21AF41E82BA84EA7009AB94C /* ViewController.swift */,
				21AF41F82BA8CF34009AB94C /* ViewControllerTwo.swift */,
				21AF41FA2BA9AF0E009AB94C /* ViewControllerThird.swift */,
				21AF41FC2BAA14A4009AB94C /* ViewControllerFourth.swift */,
				21AF42002BAA44FE009AB94C /* ViewControllerFive.swift */,
				21AF41FE2BAA1655009AB94C /* ViewControllerSix.swift */,
			);
			path = Task1AndTask2;
			sourceTree = "<group>";
		};
		21F0E0032BAB19C000149086 /* Task3AndTask4 */ = {
			isa = PBXGroup;
			children = (
				21F0E0042BAB19F600149086 /* ViewControllerSevenTask3.swift */,
				21F0E0062BAB249900149086 /* ViewControllerEighthTask3.swift */,
				21F0E00A2BAB6EB100149086 /* ViewControllerNinthTask3.swift */,
				21F0E00C2BAB832B00149086 /* ViewControllerTenthTask3.swift */,
				21F0E0122BAD068300149086 /* ViewControllerEleventhTask3.swift */,
				21F0E00E2BACBD0F00149086 /* ViewControllerTwelfthTask3.swift */,
				21F0E0102BACD84900149086 /* ViewControllerThirteenthTask4.swift */,
				21F0E0142BAD6F8E00149086 /* ViewControllerFourteenthTask4.swift */,
			);
			path = Task3AndTask4;
			sourceTree = "<group>";
		};
/* End PBXGroup section */

/* Begin PBXNativeTarget section */
		21AF41E02BA84EA7009AB94C /* multithreading */ = {
			isa = PBXNativeTarget;
			buildConfigurationList = 21AF41F52BA84EA9009AB94C /* Build configuration list for PBXNativeTarget "multithreading" */;
			buildPhases = (
				21AF41DD2BA84EA7009AB94C /* Sources */,
				21AF41DE2BA84EA7009AB94C /* Frameworks */,
				21AF41DF2BA84EA7009AB94C /* Resources */,
			);
			buildRules = (
			);
			dependencies = (
			);
			name = multithreading;
			productName = multithreading;
			productReference = 21AF41E12BA84EA7009AB94C /* multithreading.app */;
			productType = "com.apple.product-type.application";
		};
/* End PBXNativeTarget section */

/* Begin PBXProject section */
		21AF41D92BA84EA7009AB94C /* Project object */ = {
			isa = PBXProject;
			attributes = {
				BuildIndependentTargetsInParallel = 1;
				LastSwiftUpdateCheck = 1510;
				LastUpgradeCheck = 1510;
				TargetAttributes = {
					21AF41E02BA84EA7009AB94C = {
						CreatedOnToolsVersion = 15.1;
					};
				};
			};
			buildConfigurationList = 21AF41DC2BA84EA7009AB94C /* Build configuration list for PBXProject "multithreading" */;
			compatibilityVersion = "Xcode 14.0";
			developmentRegion = en;
			hasScannedForEncodings = 0;
			knownRegions = (
				en,
				Base,
			);
			mainGroup = 21AF41D82BA84EA7009AB94C;
			productRefGroup = 21AF41E22BA84EA7009AB94C /* Products */;
			projectDirPath = "";
			projectRoot = "";
			targets = (
				21AF41E02BA84EA7009AB94C /* multithreading */,
			);
		};
/* End PBXProject section */

/* Begin PBXResourcesBuildPhase section */
		21AF41DF2BA84EA7009AB94C /* Resources */ = {
			isa = PBXResourcesBuildPhase;
			buildActionMask = 2147483647;
			files = (
				21AF41F12BA84EA9009AB94C /* LaunchScreen.storyboard in Resources */,
				21AF41EE2BA84EA9009AB94C /* Assets.xcassets in Resources */,
				21AF41EC2BA84EA7009AB94C /* Main.storyboard in Resources */,
			);
			runOnlyForDeploymentPostprocessing = 0;
		};
/* End PBXResourcesBuildPhase section */

/* Begin PBXSourcesBuildPhase section */
		21AF41DD2BA84EA7009AB94C /* Sources */ = {
			isa = PBXSourcesBuildPhase;
			buildActionMask = 2147483647;
			files = (
				21AF41E92BA84EA7009AB94C /* ViewController.swift in Sources */,
				21F0E0112BACD84900149086 /* ViewControllerThirteenthTask4.swift in Sources */,
				21AF41FB2BA9AF0E009AB94C /* ViewControllerThird.swift in Sources */,
				21F0E00F2BACBD0F00149086 /* ViewControllerTwelfthTask3.swift in Sources */,
				21F0E00D2BAB832B00149086 /* ViewControllerTenthTask3.swift in Sources */,
				21F0E0132BAD068300149086 /* ViewControllerEleventhTask3.swift in Sources */,
				21AF41E52BA84EA7009AB94C /* AppDelegate.swift in Sources */,
				21F0E00B2BAB6EB100149086 /* ViewControllerNinthTask3.swift in Sources */,
				21F0E0152BAD6F8E00149086 /* ViewControllerFourteenthTask4.swift in Sources */,
				21AF41F92BA8CF34009AB94C /* ViewControllerTwo.swift in Sources */,
				21AF42012BAA44FF009AB94C /* ViewControllerFive.swift in Sources */,
				21AF41FD2BAA14A4009AB94C /* ViewControllerFourth.swift in Sources */,
				21F0E0052BAB19F600149086 /* ViewControllerSevenTask3.swift in Sources */,
				21AF41E72BA84EA7009AB94C /* SceneDelegate.swift in Sources */,
				21AF41FF2BAA1655009AB94C /* ViewControllerSix.swift in Sources */,
				21F0E0072BAB249900149086 /* ViewControllerEighthTask3.swift in Sources */,
			);
			runOnlyForDeploymentPostprocessing = 0;
		};
/* End PBXSourcesBuildPhase section */

/* Begin PBXVariantGroup section */
		21AF41EA2BA84EA7009AB94C /* Main.storyboard */ = {
			isa = PBXVariantGroup;
			children = (
				21AF41EB2BA84EA7009AB94C /* Base */,
			);
			name = Main.storyboard;
			sourceTree = "<group>";
		};
		21AF41EF2BA84EA9009AB94C /* LaunchScreen.storyboard */ = {
			isa = PBXVariantGroup;
			children = (
				21AF41F02BA84EA9009AB94C /* Base */,
			);
			name = LaunchScreen.storyboard;
			sourceTree = "<group>";
		};
/* End PBXVariantGroup section */

/* Begin XCBuildConfiguration section */
		21AF41F32BA84EA9009AB94C /* Debug */ = {
			isa = XCBuildConfiguration;
			buildSettings = {
				ALWAYS_SEARCH_USER_PATHS = NO;
				ASSETCATALOG_COMPILER_GENERATE_SWIFT_ASSET_SYMBOL_EXTENSIONS = YES;
				CLANG_ANALYZER_NONNULL = YES;
				CLANG_ANALYZER_NUMBER_OBJECT_CONVERSION = YES_AGGRESSIVE;
				CLANG_CXX_LANGUAGE_STANDARD = "gnu++20";
				CLANG_ENABLE_MODULES = YES;
				CLANG_ENABLE_OBJC_ARC = YES;
				CLANG_ENABLE_OBJC_WEAK = YES;
				CLANG_WARN_BLOCK_CAPTURE_AUTORELEASING = YES;
				CLANG_WARN_BOOL_CONVERSION = YES;
				CLANG_WARN_COMMA = YES;
				CLANG_WARN_CONSTANT_CONVERSION = YES;
				CLANG_WARN_DEPRECATED_OBJC_IMPLEMENTATIONS = YES;
				CLANG_WARN_DIRECT_OBJC_ISA_USAGE = YES_ERROR;
				CLANG_WARN_DOCUMENTATION_COMMENTS = YES;
				CLANG_WARN_EMPTY_BODY = YES;
				CLANG_WARN_ENUM_CONVERSION = YES;
				CLANG_WARN_INFINITE_RECURSION = YES;
				CLANG_WARN_INT_CONVERSION = YES;
				CLANG_WARN_NON_LITERAL_NULL_CONVERSION = YES;
				CLANG_WARN_OBJC_IMPLICIT_RETAIN_SELF = YES;
				CLANG_WARN_OBJC_LITERAL_CONVERSION = YES;
				CLANG_WARN_OBJC_ROOT_CLASS = YES_ERROR;
				CLANG_WARN_QUOTED_INCLUDE_IN_FRAMEWORK_HEADER = YES;
				CLANG_WARN_RANGE_LOOP_ANALYSIS = YES;
				CLANG_WARN_STRICT_PROTOTYPES = YES;
				CLANG_WARN_SUSPICIOUS_MOVE = YES;
				CLANG_WARN_UNGUARDED_AVAILABILITY = YES_AGGRESSIVE;
				CLANG_WARN_UNREACHABLE_CODE = YES;
				CLANG_WARN__DUPLICATE_METHOD_MATCH = YES;
				COPY_PHASE_STRIP = NO;
				DEBUG_INFORMATION_FORMAT = dwarf;
				ENABLE_STRICT_OBJC_MSGSEND = YES;
				ENABLE_TESTABILITY = YES;
				ENABLE_USER_SCRIPT_SANDBOXING = YES;
				GCC_C_LANGUAGE_STANDARD = gnu17;
				GCC_DYNAMIC_NO_PIC = NO;
				GCC_NO_COMMON_BLOCKS = YES;
				GCC_OPTIMIZATION_LEVEL = 0;
				GCC_PREPROCESSOR_DEFINITIONS = (
					"DEBUG=1",
					"$(inherited)",
				);
				GCC_WARN_64_TO_32_BIT_CONVERSION = YES;
				GCC_WARN_ABOUT_RETURN_TYPE = YES_ERROR;
				GCC_WARN_UNDECLARED_SELECTOR = YES;
				GCC_WARN_UNINITIALIZED_AUTOS = YES_AGGRESSIVE;
				GCC_WARN_UNUSED_FUNCTION = YES;
				GCC_WARN_UNUSED_VARIABLE = YES;
				IPHONEOS_DEPLOYMENT_TARGET = 17.2;
				LOCALIZATION_PREFERS_STRING_CATALOGS = YES;
				MTL_ENABLE_DEBUG_INFO = INCLUDE_SOURCE;
				MTL_FAST_MATH = YES;
				ONLY_ACTIVE_ARCH = YES;
				SDKROOT = iphoneos;
				SWIFT_ACTIVE_COMPILATION_CONDITIONS = "DEBUG $(inherited)";
				SWIFT_OPTIMIZATION_LEVEL = "-Onone";
			};
			name = Debug;
		};
		21AF41F42BA84EA9009AB94C /* Release */ = {
			isa = XCBuildConfiguration;
			buildSettings = {
				ALWAYS_SEARCH_USER_PATHS = NO;
				ASSETCATALOG_COMPILER_GENERATE_SWIFT_ASSET_SYMBOL_EXTENSIONS = YES;
				CLANG_ANALYZER_NONNULL = YES;
				CLANG_ANALYZER_NUMBER_OBJECT_CONVERSION = YES_AGGRESSIVE;
				CLANG_CXX_LANGUAGE_STANDARD = "gnu++20";
				CLANG_ENABLE_MODULES = YES;
				CLANG_ENABLE_OBJC_ARC = YES;
				CLANG_ENABLE_OBJC_WEAK = YES;
				CLANG_WARN_BLOCK_CAPTURE_AUTORELEASING = YES;
				CLANG_WARN_BOOL_CONVERSION = YES;
				CLANG_WARN_COMMA = YES;
				CLANG_WARN_CONSTANT_CONVERSION = YES;
				CLANG_WARN_DEPRECATED_OBJC_IMPLEMENTATIONS = YES;
				CLANG_WARN_DIRECT_OBJC_ISA_USAGE = YES_ERROR;
				CLANG_WARN_DOCUMENTATION_COMMENTS = YES;
				CLANG_WARN_EMPTY_BODY = YES;
				CLANG_WARN_ENUM_CONVERSION = YES;
				CLANG_WARN_INFINITE_RECURSION = YES;
				CLANG_WARN_INT_CONVERSION = YES;
				CLANG_WARN_NON_LITERAL_NULL_CONVERSION = YES;
				CLANG_WARN_OBJC_IMPLICIT_RETAIN_SELF = YES;
				CLANG_WARN_OBJC_LITERAL_CONVERSION = YES;
				CLANG_WARN_OBJC_ROOT_CLASS = YES_ERROR;
				CLANG_WARN_QUOTED_INCLUDE_IN_FRAMEWORK_HEADER = YES;
				CLANG_WARN_RANGE_LOOP_ANALYSIS = YES;
				CLANG_WARN_STRICT_PROTOTYPES = YES;
				CLANG_WARN_SUSPICIOUS_MOVE = YES;
				CLANG_WARN_UNGUARDED_AVAILABILITY = YES_AGGRESSIVE;
				CLANG_WARN_UNREACHABLE_CODE = YES;
				CLANG_WARN__DUPLICATE_METHOD_MATCH = YES;
				COPY_PHASE_STRIP = NO;
				DEBUG_INFORMATION_FORMAT = "dwarf-with-dsym";
				ENABLE_NS_ASSERTIONS = NO;
				ENABLE_STRICT_OBJC_MSGSEND = YES;
				ENABLE_USER_SCRIPT_SANDBOXING = YES;
				GCC_C_LANGUAGE_STANDARD = gnu17;
				GCC_NO_COMMON_BLOCKS = YES;
				GCC_WARN_64_TO_32_BIT_CONVERSION = YES;
				GCC_WARN_ABOUT_RETURN_TYPE = YES_ERROR;
				GCC_WARN_UNDECLARED_SELECTOR = YES;
				GCC_WARN_UNINITIALIZED_AUTOS = YES_AGGRESSIVE;
				GCC_WARN_UNUSED_FUNCTION = YES;
				GCC_WARN_UNUSED_VARIABLE = YES;
				IPHONEOS_DEPLOYMENT_TARGET = 17.2;
				LOCALIZATION_PREFERS_STRING_CATALOGS = YES;
				MTL_ENABLE_DEBUG_INFO = NO;
				MTL_FAST_MATH = YES;
				SDKROOT = iphoneos;
				SWIFT_COMPILATION_MODE = wholemodule;
				VALIDATE_PRODUCT = YES;
			};
			name = Release;
		};
		21AF41F62BA84EA9009AB94C /* Debug */ = {
			isa = XCBuildConfiguration;
			buildSettings = {
				ASSETCATALOG_COMPILER_APPICON_NAME = AppIcon;
				ASSETCATALOG_COMPILER_GLOBAL_ACCENT_COLOR_NAME = AccentColor;
				CODE_SIGN_STYLE = Automatic;
				CURRENT_PROJECT_VERSION = 1;
				DEVELOPMENT_TEAM = DWTJAZB6HC;
				GENERATE_INFOPLIST_FILE = YES;
				INFOPLIST_FILE = multithreading/Info.plist;
				INFOPLIST_KEY_UIApplicationSupportsIndirectInputEvents = YES;
				INFOPLIST_KEY_UILaunchStoryboardName = LaunchScreen;
				INFOPLIST_KEY_UISupportedInterfaceOrientations_iPad = "UIInterfaceOrientationPortrait UIInterfaceOrientationPortraitUpsideDown UIInterfaceOrientationLandscapeLeft UIInterfaceOrientationLandscapeRight";
				INFOPLIST_KEY_UISupportedInterfaceOrientations_iPhone = "UIInterfaceOrientationPortrait UIInterfaceOrientationLandscapeLeft UIInterfaceOrientationLandscapeRight";
				LD_RUNPATH_SEARCH_PATHS = (
					"$(inherited)",
					"@executable_path/Frameworks",
				);
				MARKETING_VERSION = 1.0;
				PRODUCT_BUNDLE_IDENTIFIER = com.multithreading;
				PRODUCT_NAME = "$(TARGET_NAME)";
				SWIFT_EMIT_LOC_STRINGS = YES;
				SWIFT_VERSION = 5.0;
				TARGETED_DEVICE_FAMILY = "1,2";
			};
			name = Debug;
		};
		21AF41F72BA84EA9009AB94C /* Release */ = {
			isa = XCBuildConfiguration;
			buildSettings = {
				ASSETCATALOG_COMPILER_APPICON_NAME = AppIcon;
				ASSETCATALOG_COMPILER_GLOBAL_ACCENT_COLOR_NAME = AccentColor;
				CODE_SIGN_STYLE = Automatic;
				CURRENT_PROJECT_VERSION = 1;
				DEVELOPMENT_TEAM = DWTJAZB6HC;
				GENERATE_INFOPLIST_FILE = YES;
				INFOPLIST_FILE = multithreading/Info.plist;
				INFOPLIST_KEY_UIApplicationSupportsIndirectInputEvents = YES;
				INFOPLIST_KEY_UILaunchStoryboardName = LaunchScreen;
				INFOPLIST_KEY_UISupportedInterfaceOrientations_iPad = "UIInterfaceOrientationPortrait UIInterfaceOrientationPortraitUpsideDown UIInterfaceOrientationLandscapeLeft UIInterfaceOrientationLandscapeRight";
				INFOPLIST_KEY_UISupportedInterfaceOrientations_iPhone = "UIInterfaceOrientationPortrait UIInterfaceOrientationLandscapeLeft UIInterfaceOrientationLandscapeRight";
				LD_RUNPATH_SEARCH_PATHS = (
					"$(inherited)",
					"@executable_path/Frameworks",
				);
				MARKETING_VERSION = 1.0;
				PRODUCT_BUNDLE_IDENTIFIER = com.multithreading;
				PRODUCT_NAME = "$(TARGET_NAME)";
				SWIFT_EMIT_LOC_STRINGS = YES;
				SWIFT_VERSION = 5.0;
				TARGETED_DEVICE_FAMILY = "1,2";
			};
			name = Release;
		};
/* End XCBuildConfiguration section */

/* Begin XCConfigurationList section */
		21AF41DC2BA84EA7009AB94C /* Build configuration list for PBXProject "multithreading" */ = {
			isa = XCConfigurationList;
			buildConfigurations = (
				21AF41F32BA84EA9009AB94C /* Debug */,
				21AF41F42BA84EA9009AB94C /* Release */,
			);
			defaultConfigurationIsVisible = 0;
			defaultConfigurationName = Release;
		};
		21AF41F52BA84EA9009AB94C /* Build configuration list for PBXNativeTarget "multithreading" */ = {
			isa = XCConfigurationList;
			buildConfigurations = (
				21AF41F62BA84EA9009AB94C /* Debug */,
				21AF41F72BA84EA9009AB94C /* Release */,
			);
			defaultConfigurationIsVisible = 0;
			defaultConfigurationName = Release;
		};
/* End XCConfigurationList section */
	};
	rootObject = 21AF41D92BA84EA7009AB94C /* Project object */;
}
